{
  "version": 4,
  "terraform_version": "1.4.5",
  "serial": 32,
  "lineage": "f8ebb938-cf36-7858-8d1c-b7415611a003",
  "outputs": {},
  "resources": [
    {
      "mode": "managed",
      "type": "google_sql_database_instance",
      "name": "instance",
      "provider": "provider[\"registry.terraform.io/hashicorp/google\"]",
      "instances": [
        {
          "schema_version": 0,
          "attributes": {
            "clone": [],
            "connection_name": "aaron2024:us-west1:pkslow-postgresql",
            "database_version": "POSTGRES_13",
            "deletion_protection": true,
            "first_ip_address": "34.82.145.169",
            "id": "pkslow-postgresql",
            "ip_address": [
              {
                "ip_address": "34.82.145.169",
                "time_to_retire": "",
                "type": "PRIMARY"
              },
              {
                "ip_address": "34.168.161.188",
                "time_to_retire": "",
                "type": "OUTGOING"
              }
            ],
            "master_instance_name": "",
            "name": "pkslow-postgresql",
            "private_ip_address": "",
            "project": "aaron2024",
            "public_ip_address": "34.82.145.169",
            "region": "us-west1",
            "replica_configuration": [],
            "restore_backup_context": [],
            "root_password": null,
            "self_link": "https://sqladmin.googleapis.com/sql/v1beta4/projects/aaron2024/instances/pkslow-postgresql",
            "server_ca_cert": [
              {
                "cert": "-----BEGIN CERTIFICATE-----\nMIIDfzCCAmegAwIBAgIBADANBgkqhkiG9w0BAQsFADB3MS0wKwYDVQQuEyQ0ZjZk\nZDkzOS1mMjBkLTQ3ZDEtOGJmMS0wMGQ5OTIyZmJkZTQxIzAhBgNVBAMTGkdvb2ds\nZSBDbG91ZCBTUUwgU2VydmVyIENBMRQwEgYDVQQKEwtHb29nbGUsIEluYzELMAkG\nA1UEBhMCVVMwHhcNMjMwNDE5MTg1NDI2WhcNMzMwNDE2MTg1NTI2WjB3MS0wKwYD\nVQQuEyQ0ZjZkZDkzOS1mMjBkLTQ3ZDEtOGJmMS0wMGQ5OTIyZmJkZTQxIzAhBgNV\nBAMTGkdvb2dsZSBDbG91ZCBTUUwgU2VydmVyIENBMRQwEgYDVQQKEwtHb29nbGUs\nIEluYzELMAkGA1UEBhMCVVMwggEiMA0GCSqGSIb3DQEBAQUAA4IBDwAwggEKAoIB\nAQCtQ20CIGITm+9S3YzpuEWct97svujX52QM+4KIkxVhbni8HdYVan3yzk2RehiS\nXoDFryVl1E6974imcYElYdZyLCgyRjRV0RFplL1On/eGhJICyEaU9BCVp4C7Hc4/\nree0qRyr5p4RHTV71GreiVqAHjHfqIWak1hpYvTc+99iGseYGoj3ms92bgx2InYC\n1UFdDR7xxK6Y7cT73ewzLx2pig3awUnhsWPryZAKYCYahRk7D2IfZjCo8fT4fYp0\neKym58tf/8BiLy7oXTvpuLh++y2TezmiYiWkZoo15dqMuJE1wn9wdtewju/23PS0\nN4od34QRk+8fmMXKgpmOL0TRAgMBAAGjFjAUMBIGA1UdEwEB/wQIMAYBAf8CAQAw\nDQYJKoZIhvcNAQELBQADggEBADn/halGPqLWFr8xEXFpECMThnXYPStZtHcD+k3f\nw3UKzIgut9FXVu+ygqZSOKNao6/H2vYLP5PcwvRaBW6AaT4bwBJUNJry8JCGzdoO\ntNXEwT1OODz0RoXvrrYL1w4uSy0nmnQuNfQ7fbFNdjuOK0t/XdUEhH59HDlTJZON\nueQzbxvWMBHY8LRpoKLXVYRk2cU+C7KrilXqt3yNMh8+PYrjNKzBx+fG/V0Py9mT\noh2Zul6+I8CykmcBZM+3dY6Pd/m/nQsbiYBgqLtwu/1pdTsa6r7zS7uCFI6+riQj\nhjJMhBru/ruZlgnnXd7FI7VVdWKug5GSjA7GYkDarR26yrk=\n-----END CERTIFICATE-----",
                "common_name": "C=US,O=Google\\, Inc,CN=Google Cloud SQL Server CA,dnQualifier=4f6dd939-f20d-47d1-8bf1-00d9922fbde4",
                "create_time": "2023-04-19T18:54:26.318Z",
                "expiration_time": "2033-04-16T18:55:26.318Z",
                "sha1_fingerprint": "7d87d39b1f85ef708de8d2721b66571025e8ce20"
              }
            ],
            "service_account_email_address": "p165315790637-x6r62x@gcp-sa-cloud-sql.iam.gserviceaccount.com",
            "settings": [
              {
                "activation_policy": "ALWAYS",
                "active_directory_config": [],
                "availability_type": "ZONAL",
                "backup_configuration": [
                  {
                    "backup_retention_settings": [
                      {
                        "retained_backups": 7,
                        "retention_unit": "COUNT"
                      }
                    ],
                    "binary_log_enabled": false,
                    "enabled": false,
                    "location": "",
                    "point_in_time_recovery_enabled": false,
                    "start_time": "08:00",
                    "transaction_log_retention_days": 7
                  }
                ],
                "collation": "",
                "database_flags": [],
                "disk_autoresize": true,
                "disk_autoresize_limit": 0,
                "disk_size": 10,
                "disk_type": "PD_SSD",
                "insights_config": [],
                "ip_configuration": [
                  {
                    "allocated_ip_range": "",
                    "authorized_networks": [
                      {
                        "expiration_time": "2099-01-01T00:00:00Z",
                        "name": "allow-all",
                        "value": "0.0.0.0/0"
                      }
                    ],
                    "ipv4_enabled": true,
                    "private_network": "",
                    "require_ssl": false
                  }
                ],
                "location_preference": [
                  {
                    "follow_gae_application": "",
                    "zone": "us-west1-a"
                  }
                ],
                "maintenance_window": [],
                "pricing_plan": "PER_USE",
                "tier": "db-f1-micro",
                "user_labels": {},
                "version": 2
              }
            ],
            "timeouts": null
          },
          "sensitive_attributes": [],
          "private": "eyJlMmJmYjczMC1lY2FhLTExZTYtOGY4OC0zNDM2M2JjN2M0YzAiOnsiY3JlYXRlIjoxODAwMDAwMDAwMDAwLCJkZWxldGUiOjE4MDAwMDAwMDAwMDAsInVwZGF0ZSI6MTgwMDAwMDAwMDAwMH19"
        }
      ]
    }
  ],
  "check_results": null
}
